{
  "nodes": {
    "base16-schemes": {
      "flake": false,
      "locked": {
        "lastModified": 1702718998,
        "narHash": "sha256-VTczZi1C4WSzejpTFbneMonAdarRLtDnFehVxWs6ad0=",
        "owner": "tinted-theming",
        "repo": "base16-schemes",
        "rev": "2b6f2d0677216ddda50c9cabd6ee70fae4665f81",
        "type": "github"
      },
      "original": {
        "owner": "tinted-theming",
        "repo": "base16-schemes",
        "type": "github"
      }
    },
    "nixpkgs-lib": {
      "locked": {
        "lastModified": 1713055793,
        "narHash": "sha256-vIrZQykYW32RnlI2lT/gCcB59BOIqqrAmPirBdiirrc=",
        "owner": "nix-community",
        "repo": "nixpkgs.lib",
        "rev": "361d8a4f443bbfab20bd6d222f9022b8c6665906",
        "type": "github"
      },
      "original": {
        "owner": "nix-community",
        "repo": "nixpkgs.lib",
        "type": "github"
      }
    },
    "root": {
      "inputs": {
        "base16-schemes": "base16-schemes",
        "nixpkgs-lib": "nixpkgs-lib"
      }
    }
  },
  "root": "root",
  "version": 7
}
